
Microsoft Visual Studio Solution File, Format Version 12.00
# Visual Studio Version 17
VisualStudioVersion = 17.0.31717.71
MinimumVisualStudioVersion = 10.0.40219.1
Project("{9A19103F-16F7-4668-BE54-9A1E7A4F7556}") = "FFXIVClientStructs", "FFXIVClientStructs\FFXIVClientStructs.csproj", "{3DBAEE68-9D94-4807-BCB1-E42EDD52B489}"
EndProject
Project("{9A19103F-16F7-4668-BE54-9A1E7A4F7556}") = "CExporter", "ida\CExporter\CExporter.csproj", "{C204099B-4058-4FCE-A0EC-60DE4ACB1DF9}"
EndProject
Project("{9A19103F-16F7-4668-BE54-9A1E7A4F7556}") = "FFXIVClientStructs.Generators", "FFXIVClientStructs.Generators\FFXIVClientStructs.Generators.csproj", "{C69A1D91-BCDB-46D7-9708-1EC38282D03E}"
EndProject
Global
	GlobalSection(SolutionConfigurationPlatforms) = preSolution
		Debug|Any CPU = Debug|Any CPU
		Release|Any CPU = Release|Any CPU
	EndGlobalSection
	GlobalSection(ProjectConfigurationPlatforms) = postSolution
		{3DBAEE68-9D94-4807-BCB1-E42EDD52B489}.Debug|Any CPU.ActiveCfg = Debug|Any CPU
		{3DBAEE68-9D94-4807-BCB1-E42EDD52B489}.Debug|Any CPU.Build.0 = Debug|Any CPU
		{3DBAEE68-9D94-4807-BCB1-E42EDD52B489}.Release|Any CPU.ActiveCfg = Release|Any CPU
		{3DBAEE68-9D94-4807-BCB1-E42EDD52B489}.Release|Any CPU.Build.0 = Release|Any CPU
		{C204099B-4058-4FCE-A0EC-60DE4ACB1DF9}.Debug|Any CPU.ActiveCfg = Debug|Any CPU
		{C204099B-4058-4FCE-A0EC-60DE4ACB1DF9}.Debug|Any CPU.Build.0 = Debug|Any CPU
		{C204099B-4058-4FCE-A0EC-60DE4ACB1DF9}.Release|Any CPU.ActiveCfg = Release|Any CPU
		{C204099B-4058-4FCE-A0EC-60DE4ACB1DF9}.Release|Any CPU.Build.0 = Release|Any CPU
		{C69A1D91-BCDB-46D7-9708-1EC38282D03E}.Debug|Any CPU.ActiveCfg = Debug|Any CPU
		{C69A1D91-BCDB-46D7-9708-1EC38282D03E}.Debug|Any CPU.Build.0 = Debug|Any CPU
		{C69A1D91-BCDB-46D7-9708-1EC38282D03E}.Release|Any CPU.ActiveCfg = Release|Any CPU
		{C69A1D91-BCDB-46D7-9708-1EC38282D03E}.Release|Any CPU.Build.0 = Release|Any CPU
	EndGlobalSection
	GlobalSection(SolutionProperties) = preSolution
		HideSolutionNode = FALSE
	EndGlobalSection
	GlobalSection(ExtensibilityGlobals) = postSolution
		SolutionGuid = {8C2788F0-8D49-4F4C-9510-0DA97B3FEEAA}
	EndGlobalSection
EndGlobal
