
Microsoft Visual Studio Solution File, Format Version 12.00
# Visual Studio Version 17
VisualStudioVersion = 17.3.32929.385
MinimumVisualStudioVersion = 10.0.40219.1
Project("{2150E333-8FDC-42A3-9474-1A3956D46DE8}") = "Solution Items", "Solution Items", "{8948C02A-914E-4A51-B1FE-2C608492EBF5}"
	ProjectSection(SolutionItems) = preProject
		.editorconfig = .editorconfig
		.gitignore = .gitignore
		README.md = README.md
	EndProjectSection
EndProject
Project("{9A19103F-16F7-4668-BE54-9A1E7A4F7556}") = "XIVSlothCombo", "XIVSlothCombo\XIVSlothCombo.csproj", "{1CFC8F6E-9CFB-4DC4-9F51-90666FE01FD2}"
EndProject
Global
	GlobalSection(SolutionConfigurationPlatforms) = preSolution
		Debug|x64 = Debug|x64
		Release|x64 = Release|x64
	EndGlobalSection
	GlobalSection(ProjectConfigurationPlatforms) = postSolution
		{1CFC8F6E-9CFB-4DC4-9F51-90666FE01FD2}.Debug|x64.ActiveCfg = Debug|x64
		{1CFC8F6E-9CFB-4DC4-9F51-90666FE01FD2}.Debug|x64.Build.0 = Debug|x64
		{1CFC8F6E-9CFB-4DC4-9F51-90666FE01FD2}.Release|x64.ActiveCfg = Release|x64
		{1CFC8F6E-9CFB-4DC4-9F51-90666FE01FD2}.Release|x64.Build.0 = Release|x64
	EndGlobalSection
	GlobalSection(SolutionProperties) = preSolution
		HideSolutionNode = FALSE
	EndGlobalSection
	GlobalSection(ExtensibilityGlobals) = postSolution
		SolutionGuid = {37674B88-2038-4C63-A979-84404391773A}
	EndGlobalSection
EndGlobal
