
Microsoft Visual Studio Solution File, Format Version 12.00
# Visual Studio Version 17
VisualStudioVersion = 17.8.34112.27
MinimumVisualStudioVersion = 10.0.40219.1
Project("{9A19103F-16F7-4668-BE54-9A1E7A4F7556}") = "XIVSlothCombo", "XIVSlothCombo\XIVSlothCombo.csproj", "{619DF476-7225-4783-95A5-D29A8816EE66}"
EndProject
Project("{2150E333-8FDC-42A3-9474-1A3956D46DE8}") = "Solution Items", "Solution Items", "{8948C02A-914E-4A51-B1FE-2C608492EBF5}"
	ProjectSection(SolutionItems) = preProject
		.editorconfig = .editorconfig
		.gitignore = .gitignore
		README.md = README.md
	EndProjectSection
EndProject
Project("{2150E333-8FDC-42A3-9474-1A3956D46DE8}") = "Github Actions", "Github Actions", "{D3F73229-7C85-4017-B8C9-B7668022A4F0}"
	ProjectSection(SolutionItems) = preProject
		.github\workflows\build.yml = .github\workflows\build.yml
	EndProjectSection
EndProject
Project("{9A19103F-16F7-4668-BE54-9A1E7A4F7556}") = "ECommons", "ECommons\ECommons\ECommons.csproj", "{3E8E720E-9990-4202-9035-12F54C78CF47}"
EndProject
Global
	GlobalSection(SolutionConfigurationPlatforms) = preSolution
		Debug|x64 = Debug|x64
		GitBuild|x64 = GitBuild|x64
		Release|x64 = Release|x64
	EndGlobalSection
	GlobalSection(ProjectConfigurationPlatforms) = postSolution
		{619DF476-7225-4783-95A5-D29A8816EE66}.Debug|x64.ActiveCfg = Debug|x64
		{619DF476-7225-4783-95A5-D29A8816EE66}.Debug|x64.Build.0 = Debug|x64
		{619DF476-7225-4783-95A5-D29A8816EE66}.GitBuild|x64.ActiveCfg = GitBuild|x64
		{619DF476-7225-4783-95A5-D29A8816EE66}.GitBuild|x64.Build.0 = GitBuild|x64
		{619DF476-7225-4783-95A5-D29A8816EE66}.Release|x64.ActiveCfg = Release|x64
		{619DF476-7225-4783-95A5-D29A8816EE66}.Release|x64.Build.0 = Release|x64
		{3E8E720E-9990-4202-9035-12F54C78CF47}.Debug|x64.ActiveCfg = Debug|x64
		{3E8E720E-9990-4202-9035-12F54C78CF47}.Debug|x64.Build.0 = Debug|x64
		{3E8E720E-9990-4202-9035-12F54C78CF47}.GitBuild|x64.ActiveCfg = Debug|x64
		{3E8E720E-9990-4202-9035-12F54C78CF47}.GitBuild|x64.Build.0 = Debug|x64
		{3E8E720E-9990-4202-9035-12F54C78CF47}.Release|x64.ActiveCfg = Release|x64
		{3E8E720E-9990-4202-9035-12F54C78CF47}.Release|x64.Build.0 = Release|x64
	EndGlobalSection
	GlobalSection(SolutionProperties) = preSolution
		HideSolutionNode = FALSE
	EndGlobalSection
	GlobalSection(ExtensibilityGlobals) = postSolution
		SolutionGuid = {37674B88-2038-4C63-A979-84404391773A}
	EndGlobalSection
EndGlobal
